// !$*UTF8*$!
{
	archiveVersion = 1;
	classes = {
	};
	objectVersion = 48;
	objects = {

/* Begin PBXBuildFile section */
		3EE6AAF8205A6D91009CC472 /* AppDelegate.m in Sources */ = {isa = PBXBuildFile; fileRef = 3EE6AAF7205A6D91009CC472 /* AppDelegate.m */; };
		3EE6AAFB205A6D91009CC472 /* ViewController.m in Sources */ = {isa = PBXBuildFile; fileRef = 3EE6AAFA205A6D91009CC472 /* ViewController.m */; };
		3EE6AAFE205A6D91009CC472 /* Main.storyboard in Resources */ = {isa = PBXBuildFile; fileRef = 3EE6AAFC205A6D91009CC472 /* Main.storyboard */; };
		3EE6AB00205A6D91009CC472 /* Assets.xcassets in Resources */ = {isa = PBXBuildFile; fileRef = 3EE6AAFF205A6D91009CC472 /* Assets.xcassets */; };
		3EE6AB03205A6D91009CC472 /* LaunchScreen.storyboard in Resources */ = {isa = PBXBuildFile; fileRef = 3EE6AB01205A6D91009CC472 /* LaunchScreen.storyboard */; };
		3EE6AB06205A6D91009CC472 /* main.m in Sources */ = {isa = PBXBuildFile; fileRef = 3EE6AB05205A6D91009CC472 /* main.m */; };
		3EE6AB10205A6D91009CC472 /* iPhone____Tests.m in Sources */ = {isa = PBXBuildFile; fileRef = 3EE6AB0F205A6D91009CC472 /* iPhone____Tests.m */; };
		3EE6AB1B205A6D91009CC472 /* iPhone____UITests.m in Sources */ = {isa = PBXBuildFile; fileRef = 3EE6AB1A205A6D91009CC472 /* iPhone____UITests.m */; };
/* End PBXBuildFile section */

/* Begin PBXContainerItemProxy section */
		3EE6AB0C205A6D91009CC472 /* PBXContainerItemProxy */ = {
			isa = PBXContainerItemProxy;
			containerPortal = 3EE6AAEB205A6D91009CC472 /* Project object */;
			proxyType = 1;
			remoteGlobalIDString = 3EE6AAF2205A6D91009CC472;
			remoteInfo = "iPhone指纹认证";
		};
		3EE6AB17205A6D91009CC472 /* PBXContainerItemProxy */ = {
			isa = PBXContainerItemProxy;
			containerPortal = 3EE6AAEB205A6D91009CC472 /* Project object */;
			proxyType = 1;
			remoteGlobalIDString = 3EE6AAF2205A6D91009CC472;
			remoteInfo = "iPhone指纹认证";
		};
/* End PBXContainerItemProxy section */

/* Begin PBXFileReference section */
		3EE6AAF3205A6D91009CC472 /* iPhone指纹认证.app */ = {isa = PBXFileReference; explicitFileType = wrapper.application; includeInIndex = 0; path = "iPhone指纹认证.app"; sourceTree = BUILT_PRODUCTS_DIR; };
		3EE6AAF6205A6D91009CC472 /* AppDelegate.h */ = {isa = PBXFileReference; lastKnownFileType = sourcecode.c.h; path = AppDelegate.h; sourceTree = "<group>"; };
		3EE6AAF7205A6D91009CC472 /* AppDelegate.m */ = {isa = PBXFileReference; lastKnownFileType = sourcecode.c.objc; path = AppDelegate.m; sourceTree = "<group>"; };
		3EE6AAF9205A6D91009CC472 /* ViewController.h */ = {isa = PBXFileReference; lastKnownFileType = sourcecode.c.h; path = ViewController.h; sourceTree = "<group>"; };
		3EE6AAFA205A6D91009CC472 /* ViewController.m */ = {isa = PBXFileReference; lastKnownFileType = sourcecode.c.objc; path = ViewController.m; sourceTree = "<group>"; };
		3EE6AAFD205A6D91009CC472 /* Base */ = {isa = PBXFileReference; lastKnownFileType = file.storyboard; name = Base; path = Base.lproj/Main.storyboard; sourceTree = "<group>"; };
		3EE6AAFF205A6D91009CC472 /* Assets.xcassets */ = {isa = PBXFileReference; lastKnownFileType = folder.assetcatalog; path = Assets.xcassets; sourceTree = "<group>"; };
		3EE6AB02205A6D91009CC472 /* Base */ = {isa = PBXFileReference; lastKnownFileType = file.storyboard; name = Base; path = Base.lproj/LaunchScreen.storyboard; sourceTree = "<group>"; };
		3EE6AB04205A6D91009CC472 /* Info.plist */ = {isa = PBXFileReference; lastKnownFileType = text.plist.xml; path = Info.plist; sourceTree = "<group>"; };
		3EE6AB05205A6D91009CC472 /* main.m */ = {isa = PBXFileReference; lastKnownFileType = sourcecode.c.objc; path = main.m; sourceTree = "<group>"; };
		3EE6AB0B205A6D91009CC472 /* iPhone指纹认证Tests.xctest */ = {isa = PBXFileReference; explicitFileType = wrapper.cfbundle; includeInIndex = 0; path = "iPhone指纹认证Tests.xctest"; sourceTree = BUILT_PRODUCTS_DIR; };
		3EE6AB0F205A6D91009CC472 /* iPhone____Tests.m */ = {isa = PBXFileReference; lastKnownFileType = sourcecode.c.objc; path = "iPhone____Tests.m"; sourceTree = "<group>"; };
		3EE6AB11205A6D91009CC472 /* Info.plist */ = {isa = PBXFileReference; lastKnownFileType = text.plist.xml; path = Info.plist; sourceTree = "<group>"; };
		3EE6AB16205A6D91009CC472 /* iPhone指纹认证UITests.xctest */ = {isa = PBXFileReference; explicitFileType = wrapper.cfbundle; includeInIndex = 0; path = "iPhone指纹认证UITests.xctest"; sourceTree = BUILT_PRODUCTS_DIR; };
		3EE6AB1A205A6D91009CC472 /* iPhone____UITests.m */ = {isa = PBXFileReference; lastKnownFileType = sourcecode.c.objc; path = "iPhone____UITests.m"; sourceTree = "<group>"; };
		3EE6AB1C205A6D91009CC472 /* Info.plist */ = {isa = PBXFileReference; lastKnownFileType = text.plist.xml; path = Info.plist; sourceTree = "<group>"; };
/* End PBXFileReference section */

/* Begin PBXFrameworksBuildPhase section */
		3EE6AAF0205A6D91009CC472 /* Frameworks */ = {
			isa = PBXFrameworksBuildPhase;
			buildActionMask = 2147483647;
			files = (
			);
			runOnlyForDeploymentPostprocessing = 0;
		};
		3EE6AB08205A6D91009CC472 /* Frameworks */ = {
			isa = PBXFrameworksBuildPhase;
			buildActionMask = 2147483647;
			files = (
			);
			runOnlyForDeploymentPostprocessing = 0;
		};
		3EE6AB13205A6D91009CC472 /* Frameworks */ = {
			isa = PBXFrameworksBuildPhase;
			buildActionMask = 2147483647;
			files = (
			);
			runOnlyForDeploymentPostprocessing = 0;
		};
/* End PBXFrameworksBuildPhase section */

/* Begin PBXGroup section */
		3EE6AAEA205A6D91009CC472 = {
			isa = PBXGroup;
			children = (
				3EE6AAF5205A6D91009CC472 /* iPhone指纹认证 */,
				3EE6AB0E205A6D91009CC472 /* iPhone指纹认证Tests */,
				3EE6AB19205A6D91009CC472 /* iPhone指纹认证UITests */,
				3EE6AAF4205A6D91009CC472 /* Products */,
			);
			sourceTree = "<group>";
		};
		3EE6AAF4205A6D91009CC472 /* Products */ = {
			isa = PBXGroup;
			children = (
				3EE6AAF3205A6D91009CC472 /* iPhone指纹认证.app */,
				3EE6AB0B205A6D91009CC472 /* iPhone指纹认证Tests.xctest */,
				3EE6AB16205A6D91009CC472 /* iPhone指纹认证UITests.xctest */,
			);
			name = Products;
			sourceTree = "<group>";
		};
		3EE6AAF5205A6D91009CC472 /* iPhone指纹认证 */ = {
			isa = PBXGroup;
			children = (
				3EE6AAF6205A6D91009CC472 /* AppDelegate.h */,
				3EE6AAF7205A6D91009CC472 /* AppDelegate.m */,
				3EE6AAF9205A6D91009CC472 /* ViewController.h */,
				3EE6AAFA205A6D91009CC472 /* ViewController.m */,
				3EE6AAFC205A6D91009CC472 /* Main.storyboard */,
				3EE6AAFF205A6D91009CC472 /* Assets.xcassets */,
				3EE6AB01205A6D91009CC472 /* LaunchScreen.storyboard */,
				3EE6AB04205A6D91009CC472 /* Info.plist */,
				3EE6AB05205A6D91009CC472 /* main.m */,
			);
			path = "iPhone指纹认证";
			sourceTree = "<group>";
		};
		3EE6AB0E205A6D91009CC472 /* iPhone指纹认证Tests */ = {
			isa = PBXGroup;
			children = (
				3EE6AB0F205A6D91009CC472 /* iPhone____Tests.m */,
				3EE6AB11205A6D91009CC472 /* Info.plist */,
			);
			path = "iPhone指纹认证Tests";
			sourceTree = "<group>";
		};
		3EE6AB19205A6D91009CC472 /* iPhone指纹认证UITests */ = {
			isa = PBXGroup;
			children = (
				3EE6AB1A205A6D91009CC472 /* iPhone____UITests.m */,
				3EE6AB1C205A6D91009CC472 /* Info.plist */,
			);
			path = "iPhone指纹认证UITests";
			sourceTree = "<group>";
		};
/* End PBXGroup section */

/* Begin PBXNativeTarget section */
		3EE6AAF2205A6D91009CC472 /* iPhone指纹认证 */ = {
			isa = PBXNativeTarget;
			buildConfigurationList = 3EE6AB1F205A6D91009CC472 /* Build configuration list for PBXNativeTarget "iPhone指纹认证" */;
			buildPhases = (
				3EE6AAEF205A6D91009CC472 /* Sources */,
				3EE6AAF0205A6D91009CC472 /* Frameworks */,
				3EE6AAF1205A6D91009CC472 /* Resources */,
			);
			buildRules = (
			);
			dependencies = (
			);
			name = "iPhone指纹认证";
			productName = "iPhone指纹认证";
			productReference = 3EE6AAF3205A6D91009CC472 /* iPhone指纹认证.app */;
			productType = "com.apple.product-type.application";
		};
		3EE6AB0A205A6D91009CC472 /* iPhone指纹认证Tests */ = {
			isa = PBXNativeTarget;
			buildConfigurationList = 3EE6AB22205A6D91009CC472 /* Build configuration list for PBXNativeTarget "iPhone指纹认证Tests" */;
			buildPhases = (
				3EE6AB07205A6D91009CC472 /* Sources */,
				3EE6AB08205A6D91009CC472 /* Frameworks */,
				3EE6AB09205A6D91009CC472 /* Resources */,
			);
			buildRules = (
			);
			dependencies = (
				3EE6AB0D205A6D91009CC472 /* PBXTargetDependency */,
			);
			name = "iPhone指纹认证Tests";
			productName = "iPhone指纹认证Tests";
			productReference = 3EE6AB0B205A6D91009CC472 /* iPhone指纹认证Tests.xctest */;
			productType = "com.apple.product-type.bundle.unit-test";
		};
		3EE6AB15205A6D91009CC472 /* iPhone指纹认证UITests */ = {
			isa = PBXNativeTarget;
			buildConfigurationList = 3EE6AB25205A6D91009CC472 /* Build configuration list for PBXNativeTarget "iPhone指纹认证UITests" */;
			buildPhases = (
				3EE6AB12205A6D91009CC472 /* Sources */,
				3EE6AB13205A6D91009CC472 /* Frameworks */,
				3EE6AB14205A6D91009CC472 /* Resources */,
			);
			buildRules = (
			);
			dependencies = (
				3EE6AB18205A6D91009CC472 /* PBXTargetDependency */,
			);
			name = "iPhone指纹认证UITests";
			productName = "iPhone指纹认证UITests";
			productReference = 3EE6AB16205A6D91009CC472 /* iPhone指纹认证UITests.xctest */;
			productType = "com.apple.product-type.bundle.ui-testing";
		};
/* End PBXNativeTarget section */

/* Begin PBXProject section */
		3EE6AAEB205A6D91009CC472 /* Project object */ = {
			isa = PBXProject;
			attributes = {
				LastUpgradeCheck = 0920;
				ORGANIZATIONNAME = "曹记";
				TargetAttributes = {
					3EE6AAF2205A6D91009CC472 = {
						CreatedOnToolsVersion = 9.2;
						ProvisioningStyle = Automatic;
					};
					3EE6AB0A205A6D91009CC472 = {
						CreatedOnToolsVersion = 9.2;
						ProvisioningStyle = Automatic;
						TestTargetID = 3EE6AAF2205A6D91009CC472;
					};
					3EE6AB15205A6D91009CC472 = {
						CreatedOnToolsVersion = 9.2;
						ProvisioningStyle = Automatic;
						TestTargetID = 3EE6AAF2205A6D91009CC472;
					};
				};
			};
			buildConfigurationList = 3EE6AAEE205A6D91009CC472 /* Build configuration list for PBXProject "iPhone指纹认证" */;
			compatibilityVersion = "Xcode 8.0";
			developmentRegion = en;
			hasScannedForEncodings = 0;
			knownRegions = (
				en,
				Base,
			);
			mainGroup = 3EE6AAEA205A6D91009CC472;
			productRefGroup = 3EE6AAF4205A6D91009CC472 /* Products */;
			projectDirPath = "";
			projectRoot = "";
			targets = (
				3EE6AAF2205A6D91009CC472 /* iPhone指纹认证 */,
				3EE6AB0A205A6D91009CC472 /* iPhone指纹认证Tests */,
				3EE6AB15205A6D91009CC472 /* iPhone指纹认证UITests */,
			);
		};
/* End PBXProject section */

/* Begin PBXResourcesBuildPhase section */
		3EE6AAF1205A6D91009CC472 /* Resources */ = {
			isa = PBXResourcesBuildPhase;
			buildActionMask = 2147483647;
			files = (
				3EE6AB03205A6D91009CC472 /* LaunchScreen.storyboard in Resources */,
				3EE6AB00205A6D91009CC472 /* Assets.xcassets in Resources */,
				3EE6AAFE205A6D91009CC472 /* Main.storyboard in Resources */,
			);
			runOnlyForDeploymentPostprocessing = 0;
		};
		3EE6AB09205A6D91009CC472 /* Resources */ = {
			isa = PBXResourcesBuildPhase;
			buildActionMask = 2147483647;
			files = (
			);
			runOnlyForDeploymentPostprocessing = 0;
		};
		3EE6AB14205A6D91009CC472 /* Resources */ = {
			isa = PBXResourcesBuildPhase;
			buildActionMask = 2147483647;
			files = (
			);
			runOnlyForDeploymentPostprocessing = 0;
		};
/* End PBXResourcesBuildPhase section */

/* Begin PBXSourcesBuildPhase section */
		3EE6AAEF205A6D91009CC472 /* Sources */ = {
			isa = PBXSourcesBuildPhase;
			buildActionMask = 2147483647;
			files = (
				3EE6AAFB205A6D91009CC472 /* ViewController.m in Sources */,
				3EE6AB06205A6D91009CC472 /* main.m in Sources */,
				3EE6AAF8205A6D91009CC472 /* AppDelegate.m in Sources */,
			);
			runOnlyForDeploymentPostprocessing = 0;
		};
		3EE6AB07205A6D91009CC472 /* Sources */ = {
			isa = PBXSourcesBuildPhase;
			buildActionMask = 2147483647;
			files = (
				3EE6AB10205A6D91009CC472 /* iPhone____Tests.m in Sources */,
			);
			runOnlyForDeploymentPostprocessing = 0;
		};
		3EE6AB12205A6D91009CC472 /* Sources */ = {
			isa = PBXSourcesBuildPhase;
			buildActionMask = 2147483647;
			files = (
				3EE6AB1B205A6D91009CC472 /* iPhone____UITests.m in Sources */,
			);
			runOnlyForDeploymentPostprocessing = 0;
		};
/* End PBXSourcesBuildPhase section */

/* Begin PBXTargetDependency section */
		3EE6AB0D205A6D91009CC472 /* PBXTargetDependency */ = {
			isa = PBXTargetDependency;
			target = 3EE6AAF2205A6D91009CC472 /* iPhone指纹认证 */;
			targetProxy = 3EE6AB0C205A6D91009CC472 /* PBXContainerItemProxy */;
		};
		3EE6AB18205A6D91009CC472 /* PBXTargetDependency */ = {
			isa = PBXTargetDependency;
			target = 3EE6AAF2205A6D91009CC472 /* iPhone指纹认证 */;
			targetProxy = 3EE6AB17205A6D91009CC472 /* PBXContainerItemProxy */;
		};
/* End PBXTargetDependency section */

/* Begin PBXVariantGroup section */
		3EE6AAFC205A6D91009CC472 /* Main.storyboard */ = {
			isa = PBXVariantGroup;
			children = (
				3EE6AAFD205A6D91009CC472 /* Base */,
			);
			name = Main.storyboard;
			sourceTree = "<group>";
		};
		3EE6AB01205A6D91009CC472 /* LaunchScreen.storyboard */ = {
			isa = PBXVariantGroup;
			children = (
				3EE6AB02205A6D91009CC472 /* Base */,
			);
			name = LaunchScreen.storyboard;
			sourceTree = "<group>";
		};
/* End PBXVariantGroup section */

/* Begin XCBuildConfiguration section */
		3EE6AB1D205A6D91009CC472 /* Debug */ = {
			isa = XCBuildConfiguration;
			buildSettings = {
				ALWAYS_SEARCH_USER_PATHS = NO;
				CLANG_ANALYZER_NONNULL = YES;
				CLANG_ANALYZER_NUMBER_OBJECT_CONVERSION = YES_AGGRESSIVE;
				CLANG_CXX_LANGUAGE_STANDARD = "gnu++14";
				CLANG_CXX_LIBRARY = "libc++";
				CLANG_ENABLE_MODULES = YES;
				CLANG_ENABLE_OBJC_ARC = YES;
				CLANG_WARN_BLOCK_CAPTURE_AUTORELEASING = YES;
				CLANG_WARN_BOOL_CONVERSION = YES;
				CLANG_WARN_COMMA = YES;
				CLANG_WARN_CONSTANT_CONVERSION = YES;
				CLANG_WARN_DIRECT_OBJC_ISA_USAGE = YES_ERROR;
				CLANG_WARN_DOCUMENTATION_COMMENTS = YES;
				CLANG_WARN_EMPTY_BODY = YES;
				CLANG_WARN_ENUM_CONVERSION = YES;
				CLANG_WARN_INFINITE_RECURSION = YES;
				CLANG_WARN_INT_CONVERSION = YES;
				CLANG_WARN_NON_LITERAL_NULL_CONVERSION = YES;
				CLANG_WARN_OBJC_LITERAL_CONVERSION = YES;
				CLANG_WARN_OBJC_ROOT_CLASS = YES_ERROR;
				CLANG_WARN_RANGE_LOOP_ANALYSIS = YES;
				CLANG_WARN_STRICT_PROTOTYPES = YES;
				CLANG_WARN_SUSPICIOUS_MOVE = YES;
				CLANG_WARN_UNGUARDED_AVAILABILITY = YES_AGGRESSIVE;
				CLANG_WARN_UNREACHABLE_CODE = YES;
				CLANG_WARN__DUPLICATE_METHOD_MATCH = YES;
				CODE_SIGN_IDENTITY = "iPhone Developer";
				COPY_PHASE_STRIP = NO;
				DEBUG_INFORMATION_FORMAT = dwarf;
				ENABLE_STRICT_OBJC_MSGSEND = YES;
				ENABLE_TESTABILITY = YES;
				GCC_C_LANGUAGE_STANDARD = gnu11;
				GCC_DYNAMIC_NO_PIC = NO;
				GCC_NO_COMMON_BLOCKS = YES;
				GCC_OPTIMIZATION_LEVEL = 0;
				GCC_PREPROCESSOR_DEFINITIONS = (
					"DEBUG=1",
					"$(inherited)",
				);
				GCC_WARN_64_TO_32_BIT_CONVERSION = YES;
				GCC_WARN_ABOUT_RETURN_TYPE = YES_ERROR;
				GCC_WARN_UNDECLARED_SELECTOR = YES;
				GCC_WARN_UNINITIALIZED_AUTOS = YES_AGGRESSIVE;
				GCC_WARN_UNUSED_FUNCTION = YES;
				GCC_WARN_UNUSED_VARIABLE = YES;
				IPHONEOS_DEPLOYMENT_TARGET = 11.2;
				MTL_ENABLE_DEBUG_INFO = YES;
				ONLY_ACTIVE_ARCH = YES;
				SDKROOT = iphoneos;
			};
			name = Debug;
		};
		3EE6AB1E205A6D91009CC472 /* Release */ = {
			isa = XCBuildConfiguration;
			buildSettings = {
				ALWAYS_SEARCH_USER_PATHS = NO;
				CLANG_ANALYZER_NONNULL = YES;
				CLANG_ANALYZER_NUMBER_OBJECT_CONVERSION = YES_AGGRESSIVE;
				CLANG_CXX_LANGUAGE_STANDARD = "gnu++14";
				CLANG_CXX_LIBRARY = "libc++";
				CLANG_ENABLE_MODULES = YES;
				CLANG_ENABLE_OBJC_ARC = YES;
				CLANG_WARN_BLOCK_CAPTURE_AUTORELEASING = YES;
				CLANG_WARN_BOOL_CONVERSION = YES;
				CLANG_WARN_COMMA = YES;
				CLANG_WARN_CONSTANT_CONVERSION = YES;
				CLANG_WARN_DIRECT_OBJC_ISA_USAGE = YES_ERROR;
				CLANG_WARN_DOCUMENTATION_COMMENTS = YES;
				CLANG_WARN_EMPTY_BODY = YES;
				CLANG_WARN_ENUM_CONVERSION = YES;
				CLANG_WARN_INFINITE_RECURSION = YES;
				CLANG_WARN_INT_CONVERSION = YES;
				CLANG_WARN_NON_LITERAL_NULL_CONVERSION = YES;
				CLANG_WARN_OBJC_LITERAL_CONVERSION = YES;
				CLANG_WARN_OBJC_ROOT_CLASS = YES_ERROR;
				CLANG_WARN_RANGE_LOOP_ANALYSIS = YES;
				CLANG_WARN_STRICT_PROTOTYPES = YES;
				CLANG_WARN_SUSPICIOUS_MOVE = YES;
				CLANG_WARN_UNGUARDED_AVAILABILITY = YES_AGGRESSIVE;
				CLANG_WARN_UNREACHABLE_CODE = YES;
				CLANG_WARN__DUPLICATE_METHOD_MATCH = YES;
				CODE_SIGN_IDENTITY = "iPhone Developer";
				COPY_PHASE_STRIP = NO;
				DEBUG_INFORMATION_FORMAT = "dwarf-with-dsym";
				ENABLE_NS_ASSERTIONS = NO;
				ENABLE_STRICT_OBJC_MSGSEND = YES;
				GCC_C_LANGUAGE_STANDARD = gnu11;
				GCC_NO_COMMON_BLOCKS = YES;
				GCC_WARN_64_TO_32_BIT_CONVERSION = YES;
				GCC_WARN_ABOUT_RETURN_TYPE = YES_ERROR;
				GCC_WARN_UNDECLARED_SELECTOR = YES;
				GCC_WARN_UNINITIALIZED_AUTOS = YES_AGGRESSIVE;
				GCC_WARN_UNUSED_FUNCTION = YES;
				GCC_WARN_UNUSED_VARIABLE = YES;
				IPHONEOS_DEPLOYMENT_TARGET = 11.2;
				MTL_ENABLE_DEBUG_INFO = NO;
				SDKROOT = iphoneos;
				VALIDATE_PRODUCT = YES;
			};
			name = Release;
		};
		3EE6AB20205A6D91009CC472 /* Debug */ = {
			isa = XCBuildConfiguration;
			buildSettings = {
				ASSETCATALOG_COMPILER_APPICON_NAME = AppIcon;
				CODE_SIGN_STYLE = Automatic;
				INFOPLIST_FILE = "iPhone指纹认证/Info.plist";
				LD_RUNPATH_SEARCH_PATHS = "$(inherited) @executable_path/Frameworks";
				PRODUCT_BUNDLE_IDENTIFIER = "caojicom.com.iPhone----";
				PRODUCT_NAME = "$(TARGET_NAME)";
				TARGETED_DEVICE_FAMILY = "1,2";
			};
			name = Debug;
		};
		3EE6AB21205A6D91009CC472 /* Release */ = {
			isa = XCBuildConfiguration;
			buildSettings = {
				ASSETCATALOG_COMPILER_APPICON_NAME = AppIcon;
				CODE_SIGN_STYLE = Automatic;
				INFOPLIST_FILE = "iPhone指纹认证/Info.plist";
				LD_RUNPATH_SEARCH_PATHS = "$(inherited) @executable_path/Frameworks";
				PRODUCT_BUNDLE_IDENTIFIER = "caojicom.com.iPhone----";
				PRODUCT_NAME = "$(TARGET_NAME)";
				TARGETED_DEVICE_FAMILY = "1,2";
			};
			name = Release;
		};
		3EE6AB23205A6D91009CC472 /* Debug */ = {
			isa = XCBuildConfiguration;
			buildSettings = {
				BUNDLE_LOADER = "$(TEST_HOST)";
				CODE_SIGN_STYLE = Automatic;
				INFOPLIST_FILE = "iPhone指纹认证Tests/Info.plist";
				LD_RUNPATH_SEARCH_PATHS = "$(inherited) @executable_path/Frameworks @loader_path/Frameworks";
				PRODUCT_BUNDLE_IDENTIFIER = "caojicom.com.iPhone----Tests";
				PRODUCT_NAME = "$(TARGET_NAME)";
				TARGETED_DEVICE_FAMILY = "1,2";
				TEST_HOST = "$(BUILT_PRODUCTS_DIR)/iPhone指纹认证.app/iPhone指纹认证";
			};
			name = Debug;
		};
		3EE6AB24205A6D91009CC472 /* Release */ = {
			isa = XCBuildConfiguration;
			buildSettings = {
				BUNDLE_LOADER = "$(TEST_HOST)";
				CODE_SIGN_STYLE = Automatic;
				INFOPLIST_FILE = "iPhone指纹认证Tests/Info.plist";
				LD_RUNPATH_SEARCH_PATHS = "$(inherited) @executable_path/Frameworks @loader_path/Frameworks";
				PRODUCT_BUNDLE_IDENTIFIER = "caojicom.com.iPhone----Tests";
				PRODUCT_NAME = "$(TARGET_NAME)";
				TARGETED_DEVICE_FAMILY = "1,2";
				TEST_HOST = "$(BUILT_PRODUCTS_DIR)/iPhone指纹认证.app/iPhone指纹认证";
			};
			name = Release;
		};
		3EE6AB26205A6D91009CC472 /* Debug */ = {
			isa = XCBuildConfiguration;
			buildSettings = {
				CODE_SIGN_STYLE = Automatic;
				INFOPLIST_FILE = "iPhone指纹认证UITests/Info.plist";
				LD_RUNPATH_SEARCH_PATHS = "$(inherited) @executable_path/Frameworks @loader_path/Frameworks";
				PRODUCT_BUNDLE_IDENTIFIER = "caojicom.com.iPhone----UITests";
				PRODUCT_NAME = "$(TARGET_NAME)";
				TARGETED_DEVICE_FAMILY = "1,2";
				TEST_TARGET_NAME = "iPhone指纹认证";
			};
			name = Debug;
		};
		3EE6AB27205A6D91009CC472 /* Release */ = {
			isa = XCBuildConfiguration;
			buildSettings = {
				CODE_SIGN_STYLE = Automatic;
				INFOPLIST_FILE = "iPhone指纹认证UITests/Info.plist";
				LD_RUNPATH_SEARCH_PATHS = "$(inherited) @executable_path/Frameworks @loader_path/Frameworks";
				PRODUCT_BUNDLE_IDENTIFIER = "caojicom.com.iPhone----UITests";
				PRODUCT_NAME = "$(TARGET_NAME)";
				TARGETED_DEVICE_FAMILY = "1,2";
				TEST_TARGET_NAME = "iPhone指纹认证";
			};
			name = Release;
		};
/* End XCBuildConfiguration section */

/* Begin XCConfigurationList section */
		3EE6AAEE205A6D91009CC472 /* Build configuration list for PBXProject "iPhone指纹认证" */ = {
			isa = XCConfigurationList;
			buildConfigurations = (
				3EE6AB1D205A6D91009CC472 /* Debug */,
				3EE6AB1E205A6D91009CC472 /* Release */,
			);
			defaultConfigurationIsVisible = 0;
			defaultConfigurationName = Release;
		};
		3EE6AB1F205A6D91009CC472 /* Build configuration list for PBXNativeTarget "iPhone指纹认证" */ = {
			isa = XCConfigurationList;
			buildConfigurations = (
				3EE6AB20205A6D91009CC472 /* Debug */,
				3EE6AB21205A6D91009CC472 /* Release */,
			);
			defaultConfigurationIsVisible = 0;
			defaultConfigurationName = Release;
		};
		3EE6AB22205A6D91009CC472 /* Build configuration list for PBXNativeTarget "iPhone指纹认证Tests" */ = {
			isa = XCConfigurationList;
			buildConfigurations = (
				3EE6AB23205A6D91009CC472 /* Debug */,
				3EE6AB24205A6D91009CC472 /* Release */,
			);
			defaultConfigurationIsVisible = 0;
			defaultConfigurationName = Release;
		};
		3EE6AB25205A6D91009CC472 /* Build configuration list for PBXNativeTarget "iPhone指纹认证UITests" */ = {
			isa = XCConfigurationList;
			buildConfigurations = (
				3EE6AB26205A6D91009CC472 /* Debug */,
				3EE6AB27205A6D91009CC472 /* Release */,
			);
			defaultConfigurationIsVisible = 0;
			defaultConfigurationName = Release;
		};
/* End XCConfigurationList section */
	};
	rootObject = 3EE6AAEB205A6D91009CC472 /* Project object */;
}
